// !$*UTF8*$!
{
	archiveVersion = 1;
	classes = {
	};
	objectVersion = 55;
	objects = {

/* Begin PBXBuildFile section */
		9F3E0D4628D59AB900DF8083 /* GenPasswordApp.swift in Sources */ = {isa = PBXBuildFile; fileRef = 9F3E0D4528D59AB900DF8083 /* GenPasswordApp.swift */; };
		9F3E0D4828D59AB900DF8083 /* ContentView.swift in Sources */ = {isa = PBXBuildFile; fileRef = 9F3E0D4728D59AB900DF8083 /* ContentView.swift */; };
		9F3E0D4A28D59AC900DF8083 /* Assets.xcassets in Resources */ = {isa = PBXBuildFile; fileRef = 9F3E0D4928D59AC900DF8083 /* Assets.xcassets */; };
		9F3E0D4D28D59AC900DF8083 /* Preview Assets.xcassets in Resources */ = {isa = PBXBuildFile; fileRef = 9F3E0D4C28D59AC900DF8083 /* Preview Assets.xcassets */; };
		9F3E0D5528D59D8100DF8083 /* Alamofire in Frameworks */ = {isa = PBXBuildFile; productRef = 9F3E0D5428D59D8100DF8083 /* Alamofire */; };
		9F3E0D5A28D5A8BA00DF8083 /* ParseSwift in Frameworks */ = {isa = PBXBuildFile; productRef = 9F3E0D5928D5A8BA00DF8083 /* ParseSwift */; };
		9F3E0D5F28D5AAE100DF8083 /* ContentViewViewModel.swift in Sources */ = {isa = PBXBuildFile; fileRef = 9F3E0D5E28D5AAE100DF8083 /* ContentViewViewModel.swift */; };
		9FEEE86828D9F2390034A76A /* Meter.swift in Sources */ = {isa = PBXBuildFile; fileRef = 9FEEE86728D9F2390034A76A /* Meter.swift */; };
/* End PBXBuildFile section */

/* Begin PBXFileReference section */
		9F3E0D4228D59AB800DF8083 /* GenPassword.app */ = {isa = PBXFileReference; explicitFileType = wrapper.application; includeInIndex = 0; path = GenPassword.app; sourceTree = BUILT_PRODUCTS_DIR; };
		9F3E0D4528D59AB900DF8083 /* GenPasswordApp.swift */ = {isa = PBXFileReference; lastKnownFileType = sourcecode.swift; path = GenPasswordApp.swift; sourceTree = "<group>"; };
		9F3E0D4728D59AB900DF8083 /* ContentView.swift */ = {isa = PBXFileReference; lastKnownFileType = sourcecode.swift; path = ContentView.swift; sourceTree = "<group>"; };
		9F3E0D4928D59AC900DF8083 /* Assets.xcassets */ = {isa = PBXFileReference; lastKnownFileType = folder.assetcatalog; path = Assets.xcassets; sourceTree = "<group>"; };
		9F3E0D4C28D59AC900DF8083 /* Preview Assets.xcassets */ = {isa = PBXFileReference; lastKnownFileType = folder.assetcatalog; path = "Preview Assets.xcassets"; sourceTree = "<group>"; };
		9F3E0D5E28D5AAE100DF8083 /* ContentViewViewModel.swift */ = {isa = PBXFileReference; lastKnownFileType = sourcecode.swift; path = ContentViewViewModel.swift; sourceTree = "<group>"; };
		9FEEE86728D9F2390034A76A /* Meter.swift */ = {isa = PBXFileReference; lastKnownFileType = sourcecode.swift; path = Meter.swift; sourceTree = "<group>"; };
/* End PBXFileReference section */

/* Begin PBXFrameworksBuildPhase section */
		9F3E0D3F28D59AB800DF8083 /* Frameworks */ = {
			isa = PBXFrameworksBuildPhase;
			buildActionMask = 2147483647;
			files = (
				9F3E0D5A28D5A8BA00DF8083 /* ParseSwift in Frameworks */,
				9F3E0D5528D59D8100DF8083 /* Alamofire in Frameworks */,
			);
			runOnlyForDeploymentPostprocessing = 0;
		};
/* End PBXFrameworksBuildPhase section */

/* Begin PBXGroup section */
		9F3E0D3928D59AB800DF8083 = {
			isa = PBXGroup;
			children = (
				9F3E0D4428D59AB800DF8083 /* GenPassword */,
				9F3E0D4328D59AB800DF8083 /* Products */,
			);
			sourceTree = "<group>";
		};
		9F3E0D4328D59AB800DF8083 /* Products */ = {
			isa = PBXGroup;
			children = (
				9F3E0D4228D59AB800DF8083 /* GenPassword.app */,
			);
			name = Products;
			sourceTree = "<group>";
		};
		9F3E0D4428D59AB800DF8083 /* GenPassword */ = {
			isa = PBXGroup;
			children = (
				9F3E0D5D28D5AA9E00DF8083 /* ViewModel */,
				9F3E0D5C28D5AA9500DF8083 /* View */,
				9F3E0D5B28D5AA8300DF8083 /* Model */,
				9F3E0D4528D59AB900DF8083 /* GenPasswordApp.swift */,
				9F3E0D4928D59AC900DF8083 /* Assets.xcassets */,
				9F3E0D4B28D59AC900DF8083 /* Preview Content */,
			);
			path = GenPassword;
			sourceTree = "<group>";
		};
		9F3E0D4B28D59AC900DF8083 /* Preview Content */ = {
			isa = PBXGroup;
			children = (
				9F3E0D4C28D59AC900DF8083 /* Preview Assets.xcassets */,
			);
			path = "Preview Content";
			sourceTree = "<group>";
		};
		9F3E0D5B28D5AA8300DF8083 /* Model */ = {
			isa = PBXGroup;
			children = (
			);
			path = Model;
			sourceTree = "<group>";
		};
		9F3E0D5C28D5AA9500DF8083 /* View */ = {
			isa = PBXGroup;
			children = (
				9F3E0D4728D59AB900DF8083 /* ContentView.swift */,
				9FEEE86728D9F2390034A76A /* Meter.swift */,
			);
			path = View;
			sourceTree = "<group>";
		};
		9F3E0D5D28D5AA9E00DF8083 /* ViewModel */ = {
			isa = PBXGroup;
			children = (
				9F3E0D5E28D5AAE100DF8083 /* ContentViewViewModel.swift */,
			);
			path = ViewModel;
			sourceTree = "<group>";
		};
/* End PBXGroup section */

/* Begin PBXNativeTarget section */
		9F3E0D4128D59AB800DF8083 /* GenPassword */ = {
			isa = PBXNativeTarget;
			buildConfigurationList = 9F3E0D5028D59AC900DF8083 /* Build configuration list for PBXNativeTarget "GenPassword" */;
			buildPhases = (
				9F3E0D3E28D59AB800DF8083 /* Sources */,
				9F3E0D3F28D59AB800DF8083 /* Frameworks */,
				9F3E0D4028D59AB800DF8083 /* Resources */,
			);
			buildRules = (
			);
			dependencies = (
			);
			name = GenPassword;
			packageProductDependencies = (
				9F3E0D5428D59D8100DF8083 /* Alamofire */,
				9F3E0D5928D5A8BA00DF8083 /* ParseSwift */,
			);
			productName = GenPassword;
			productReference = 9F3E0D4228D59AB800DF8083 /* GenPassword.app */;
			productType = "com.apple.product-type.application";
		};
/* End PBXNativeTarget section */

/* Begin PBXProject section */
		9F3E0D3A28D59AB800DF8083 /* Project object */ = {
			isa = PBXProject;
			attributes = {
				BuildIndependentTargetsInParallel = 1;
				LastSwiftUpdateCheck = 1320;
				LastUpgradeCheck = 1320;
				TargetAttributes = {
					9F3E0D4128D59AB800DF8083 = {
						CreatedOnToolsVersion = 13.2.1;
					};
				};
			};
			buildConfigurationList = 9F3E0D3D28D59AB800DF8083 /* Build configuration list for PBXProject "GenPassword" */;
			compatibilityVersion = "Xcode 13.0";
			developmentRegion = en;
			hasScannedForEncodings = 0;
			knownRegions = (
				en,
				Base,
			);
			mainGroup = 9F3E0D3928D59AB800DF8083;
			packageReferences = (
				9F3E0D5328D59D8100DF8083 /* XCRemoteSwiftPackageReference "Alamofire" */,
				9F3E0D5828D5A8BA00DF8083 /* XCRemoteSwiftPackageReference "Parse-Swift" */,
			);
			productRefGroup = 9F3E0D4328D59AB800DF8083 /* Products */;
			projectDirPath = "";
			projectRoot = "";
			targets = (
				9F3E0D4128D59AB800DF8083 /* GenPassword */,
			);
		};
/* End PBXProject section */

/* Begin PBXResourcesBuildPhase section */
		9F3E0D4028D59AB800DF8083 /* Resources */ = {
			isa = PBXResourcesBuildPhase;
			buildActionMask = 2147483647;
			files = (
				9F3E0D4D28D59AC900DF8083 /* Preview Assets.xcassets in Resources */,
				9F3E0D4A28D59AC900DF8083 /* Assets.xcassets in Resources */,
			);
			runOnlyForDeploymentPostprocessing = 0;
		};
/* End PBXResourcesBuildPhase section */

/* Begin PBXSourcesBuildPhase section */
		9F3E0D3E28D59AB800DF8083 /* Sources */ = {
			isa = PBXSourcesBuildPhase;
			buildActionMask = 2147483647;
			files = (
				9F3E0D4828D59AB900DF8083 /* ContentView.swift in Sources */,
				9FEEE86828D9F2390034A76A /* Meter.swift in Sources */,
				9F3E0D4628D59AB900DF8083 /* GenPasswordApp.swift in Sources */,
				9F3E0D5F28D5AAE100DF8083 /* ContentViewViewModel.swift in Sources */,
			);
			runOnlyForDeploymentPostprocessing = 0;
		};
/* End PBXSourcesBuildPhase section */

/* Begin XCBuildConfiguration section */
		9F3E0D4E28D59AC900DF8083 /* Debug */ = {
			isa = XCBuildConfiguration;
			buildSettings = {
				ALWAYS_SEARCH_USER_PATHS = NO;
				CLANG_ANALYZER_NONNULL = YES;
				CLANG_ANALYZER_NUMBER_OBJECT_CONVERSION = YES_AGGRESSIVE;
				CLANG_CXX_LANGUAGE_STANDARD = "gnu++17";
				CLANG_CXX_LIBRARY = "libc++";
				CLANG_ENABLE_MODULES = YES;
				CLANG_ENABLE_OBJC_ARC = YES;
				CLANG_ENABLE_OBJC_WEAK = YES;
				CLANG_WARN_BLOCK_CAPTURE_AUTORELEASING = YES;
				CLANG_WARN_BOOL_CONVERSION = YES;
				CLANG_WARN_COMMA = YES;
				CLANG_WARN_CONSTANT_CONVERSION = YES;
				CLANG_WARN_DEPRECATED_OBJC_IMPLEMENTATIONS = YES;
				CLANG_WARN_DIRECT_OBJC_ISA_USAGE = YES_ERROR;
				CLANG_WARN_DOCUMENTATION_COMMENTS = YES;
				CLANG_WARN_EMPTY_BODY = YES;
				CLANG_WARN_ENUM_CONVERSION = YES;
				CLANG_WARN_INFINITE_RECURSION = YES;
				CLANG_WARN_INT_CONVERSION = YES;
				CLANG_WARN_NON_LITERAL_NULL_CONVERSION = YES;
				CLANG_WARN_OBJC_IMPLICIT_RETAIN_SELF = YES;
				CLANG_WARN_OBJC_LITERAL_CONVERSION = YES;
				CLANG_WARN_OBJC_ROOT_CLASS = YES_ERROR;
				CLANG_WARN_QUOTED_INCLUDE_IN_FRAMEWORK_HEADER = YES;
				CLANG_WARN_RANGE_LOOP_ANALYSIS = YES;
				CLANG_WARN_STRICT_PROTOTYPES = YES;
				CLANG_WARN_SUSPICIOUS_MOVE = YES;
				CLANG_WARN_UNGUARDED_AVAILABILITY = YES_AGGRESSIVE;
				CLANG_WARN_UNREACHABLE_CODE = YES;
				CLANG_WARN__DUPLICATE_METHOD_MATCH = YES;
				COPY_PHASE_STRIP = NO;
				DEBUG_INFORMATION_FORMAT = dwarf;
				ENABLE_STRICT_OBJC_MSGSEND = YES;
				ENABLE_TESTABILITY = YES;
				GCC_C_LANGUAGE_STANDARD = gnu11;
				GCC_DYNAMIC_NO_PIC = NO;
				GCC_NO_COMMON_BLOCKS = YES;
				GCC_OPTIMIZATION_LEVEL = 0;
				GCC_PREPROCESSOR_DEFINITIONS = (
					"DEBUG=1",
					"$(inherited)",
				);
				GCC_WARN_64_TO_32_BIT_CONVERSION = YES;
				GCC_WARN_ABOUT_RETURN_TYPE = YES_ERROR;
				GCC_WARN_UNDECLARED_SELECTOR = YES;
				GCC_WARN_UNINITIALIZED_AUTOS = YES_AGGRESSIVE;
				GCC_WARN_UNUSED_FUNCTION = YES;
				GCC_WARN_UNUSED_VARIABLE = YES;
				IPHONEOS_DEPLOYMENT_TARGET = 15.2;
				MTL_ENABLE_DEBUG_INFO = INCLUDE_SOURCE;
				MTL_FAST_MATH = YES;
				ONLY_ACTIVE_ARCH = YES;
				SDKROOT = iphoneos;
				SWIFT_ACTIVE_COMPILATION_CONDITIONS = DEBUG;
				SWIFT_OPTIMIZATION_LEVEL = "-Onone";
			};
			name = Debug;
		};
		9F3E0D4F28D59AC900DF8083 /* Release */ = {
			isa = XCBuildConfiguration;
			buildSettings = {
				ALWAYS_SEARCH_USER_PATHS = NO;
				CLANG_ANALYZER_NONNULL = YES;
				CLANG_ANALYZER_NUMBER_OBJECT_CONVERSION = YES_AGGRESSIVE;
				CLANG_CXX_LANGUAGE_STANDARD = "gnu++17";
				CLANG_CXX_LIBRARY = "libc++";
				CLANG_ENABLE_MODULES = YES;
				CLANG_ENABLE_OBJC_ARC = YES;
				CLANG_ENABLE_OBJC_WEAK = YES;
				CLANG_WARN_BLOCK_CAPTURE_AUTORELEASING = YES;
				CLANG_WARN_BOOL_CONVERSION = YES;
				CLANG_WARN_COMMA = YES;
				CLANG_WARN_CONSTANT_CONVERSION = YES;
				CLANG_WARN_DEPRECATED_OBJC_IMPLEMENTATIONS = YES;
				CLANG_WARN_DIRECT_OBJC_ISA_USAGE = YES_ERROR;
				CLANG_WARN_DOCUMENTATION_COMMENTS = YES;
				CLANG_WARN_EMPTY_BODY = YES;
				CLANG_WARN_ENUM_CONVERSION = YES;
				CLANG_WARN_INFINITE_RECURSION = YES;
				CLANG_WARN_INT_CONVERSION = YES;
				CLANG_WARN_NON_LITERAL_NULL_CONVERSION = YES;
				CLANG_WARN_OBJC_IMPLICIT_RETAIN_SELF = YES;
				CLANG_WARN_OBJC_LITERAL_CONVERSION = YES;
				CLANG_WARN_OBJC_ROOT_CLASS = YES_ERROR;
				CLANG_WARN_QUOTED_INCLUDE_IN_FRAMEWORK_HEADER = YES;
				CLANG_WARN_RANGE_LOOP_ANALYSIS = YES;
				CLANG_WARN_STRICT_PROTOTYPES = YES;
				CLANG_WARN_SUSPICIOUS_MOVE = YES;
				CLANG_WARN_UNGUARDED_AVAILABILITY = YES_AGGRESSIVE;
				CLANG_WARN_UNREACHABLE_CODE = YES;
				CLANG_WARN__DUPLICATE_METHOD_MATCH = YES;
				COPY_PHASE_STRIP = NO;
				DEBUG_INFORMATION_FORMAT = "dwarf-with-dsym";
				ENABLE_NS_ASSERTIONS = NO;
				ENABLE_STRICT_OBJC_MSGSEND = YES;
				GCC_C_LANGUAGE_STANDARD = gnu11;
				GCC_NO_COMMON_BLOCKS = YES;
				GCC_WARN_64_TO_32_BIT_CONVERSION = YES;
				GCC_WARN_ABOUT_RETURN_TYPE = YES_ERROR;
				GCC_WARN_UNDECLARED_SELECTOR = YES;
				GCC_WARN_UNINITIALIZED_AUTOS = YES_AGGRESSIVE;
				GCC_WARN_UNUSED_FUNCTION = YES;
				GCC_WARN_UNUSED_VARIABLE = YES;
				IPHONEOS_DEPLOYMENT_TARGET = 15.2;
				MTL_ENABLE_DEBUG_INFO = NO;
				MTL_FAST_MATH = YES;
				SDKROOT = iphoneos;
				SWIFT_COMPILATION_MODE = wholemodule;
				SWIFT_OPTIMIZATION_LEVEL = "-O";
				VALIDATE_PRODUCT = YES;
			};
			name = Release;
		};
		9F3E0D5128D59AC900DF8083 /* Debug */ = {
			isa = XCBuildConfiguration;
			buildSettings = {
				ASSETCATALOG_COMPILER_APPICON_NAME = AppIcon;
				ASSETCATALOG_COMPILER_GLOBAL_ACCENT_COLOR_NAME = AccentColor;
				CODE_SIGN_STYLE = Automatic;
				CURRENT_PROJECT_VERSION = 1;
				DEVELOPMENT_ASSET_PATHS = "\"GenPassword/Preview Content\"";
				DEVELOPMENT_TEAM = JW5QDUDC7K;
				ENABLE_PREVIEWS = YES;
				GENERATE_INFOPLIST_FILE = YES;
				INFOPLIST_KEY_UIApplicationSceneManifest_Generation = YES;
				INFOPLIST_KEY_UIApplicationSupportsIndirectInputEvents = YES;
				INFOPLIST_KEY_UILaunchScreen_Generation = YES;
				INFOPLIST_KEY_UISupportedInterfaceOrientations_iPad = "UIInterfaceOrientationPortrait UIInterfaceOrientationPortraitUpsideDown UIInterfaceOrientationLandscapeLeft UIInterfaceOrientationLandscapeRight";
				INFOPLIST_KEY_UISupportedInterfaceOrientations_iPhone = "UIInterfaceOrientationPortrait UIInterfaceOrientationLandscapeLeft UIInterfaceOrientationLandscapeRight";
				LD_RUNPATH_SEARCH_PATHS = (
					"$(inherited)",
					"@executable_path/Frameworks",
				);
				MARKETING_VERSION = 1.0;
				PRODUCT_BUNDLE_IDENTIFIER = com.sliceofdigital.GenPassword;
				PRODUCT_NAME = "$(TARGET_NAME)";
				SWIFT_EMIT_LOC_STRINGS = YES;
				SWIFT_VERSION = 5.0;
				TARGETED_DEVICE_FAMILY = "1,2";
			};
			name = Debug;
		};
		9F3E0D5228D59AC900DF8083 /* Release */ = {
			isa = XCBuildConfiguration;
			buildSettings = {
				ASSETCATALOG_COMPILER_APPICON_NAME = AppIcon;
				ASSETCATALOG_COMPILER_GLOBAL_ACCENT_COLOR_NAME = AccentColor;
				CODE_SIGN_STYLE = Automatic;
				CURRENT_PROJECT_VERSION = 1;
				DEVELOPMENT_ASSET_PATHS = "\"GenPassword/Preview Content\"";
				DEVELOPMENT_TEAM = JW5QDUDC7K;
				ENABLE_PREVIEWS = YES;
				GENERATE_INFOPLIST_FILE = YES;
				INFOPLIST_KEY_UIApplicationSceneManifest_Generation = YES;
				INFOPLIST_KEY_UIApplicationSupportsIndirectInputEvents = YES;
				INFOPLIST_KEY_UILaunchScreen_Generation = YES;
				INFOPLIST_KEY_UISupportedInterfaceOrientations_iPad = "UIInterfaceOrientationPortrait UIInterfaceOrientationPortraitUpsideDown UIInterfaceOrientationLandscapeLeft UIInterfaceOrientationLandscapeRight";
				INFOPLIST_KEY_UISupportedInterfaceOrientations_iPhone = "UIInterfaceOrientationPortrait UIInterfaceOrientationLandscapeLeft UIInterfaceOrientationLandscapeRight";
				LD_RUNPATH_SEARCH_PATHS = (
					"$(inherited)",
					"@executable_path/Frameworks",
				);
				MARKETING_VERSION = 1.0;
				PRODUCT_BUNDLE_IDENTIFIER = com.sliceofdigital.GenPassword;
				PRODUCT_NAME = "$(TARGET_NAME)";
				SWIFT_EMIT_LOC_STRINGS = YES;
				SWIFT_VERSION = 5.0;
				TARGETED_DEVICE_FAMILY = "1,2";
			};
			name = Release;
		};
/* End XCBuildConfiguration section */

/* Begin XCConfigurationList section */
		9F3E0D3D28D59AB800DF8083 /* Build configuration list for PBXProject "GenPassword" */ = {
			isa = XCConfigurationList;
			buildConfigurations = (
				9F3E0D4E28D59AC900DF8083 /* Debug */,
				9F3E0D4F28D59AC900DF8083 /* Release */,
			);
			defaultConfigurationIsVisible = 0;
			defaultConfigurationName = Release;
		};
		9F3E0D5028D59AC900DF8083 /* Build configuration list for PBXNativeTarget "GenPassword" */ = {
			isa = XCConfigurationList;
			buildConfigurations = (
				9F3E0D5128D59AC900DF8083 /* Debug */,
				9F3E0D5228D59AC900DF8083 /* Release */,
			);
			defaultConfigurationIsVisible = 0;
			defaultConfigurationName = Release;
		};
/* End XCConfigurationList section */

/* Begin XCRemoteSwiftPackageReference section */
		9F3E0D5328D59D8100DF8083 /* XCRemoteSwiftPackageReference "Alamofire" */ = {
			isa = XCRemoteSwiftPackageReference;
			repositoryURL = "https://github.com/Alamofire/Alamofire.git";
			requirement = {
				branch = master;
				kind = branch;
			};
		};
		9F3E0D5828D5A8BA00DF8083 /* XCRemoteSwiftPackageReference "Parse-Swift" */ = {
			isa = XCRemoteSwiftPackageReference;
			repositoryURL = "https://github.com/parse-community/Parse-Swift.git";
			requirement = {
				kind = upToNextMajorVersion;
				minimumVersion = 4.0.0;
			};
		};
/* End XCRemoteSwiftPackageReference section */

/* Begin XCSwiftPackageProductDependency section */
		9F3E0D5428D59D8100DF8083 /* Alamofire */ = {
			isa = XCSwiftPackageProductDependency;
			package = 9F3E0D5328D59D8100DF8083 /* XCRemoteSwiftPackageReference "Alamofire" */;
			productName = Alamofire;
		};
		9F3E0D5928D5A8BA00DF8083 /* ParseSwift */ = {
			isa = XCSwiftPackageProductDependency;
			package = 9F3E0D5828D5A8BA00DF8083 /* XCRemoteSwiftPackageReference "Parse-Swift" */;
			productName = ParseSwift;
		};
/* End XCSwiftPackageProductDependency section */
	};
	rootObject = 9F3E0D3A28D59AB800DF8083 /* Project object */;
}
